
Microsoft Visual Studio Solution File, Format Version 11.00
# Visual Studio 2010
Project("{8BC9CEB8-8B4A-11D0-8D11-00A0C91BC942}") = "Lesson1To5", "Lesson1To5\Lesson1To5.vcxproj", "{F8BCB339-7DF3-4FD1-B0C4-36F9C9670321}"
EndProject
Project("{8BC9CEB8-8B4A-11D0-8D11-00A0C91BC942}") = "Lesson5", "Lesson5\Lesson5.vcxproj", "{E8359EE6-F6D7-4D90-B87E-325798608776}"
EndProject
Project("{8BC9CEB8-8B4A-11D0-8D11-00A0C91BC942}") = "Lesson6", "Lesson6\Lesson6.vcxproj", "{F9562026-EC62-40F1-A45B-95D5C24C173E}"
EndProject
Project("{8BC9CEB8-8B4A-11D0-8D11-00A0C91BC942}") = "SOIL", "SOIL\SOIL.vcxproj", "{CBAAC696-43B4-446A-A8A3-07ED5EFC72FB}"
EndProject
Project("{8BC9CEB8-8B4A-11D0-8D11-00A0C91BC942}") = "LoadObj", "LoadObj\LoadObj.vcxproj", "{595FA053-FC05-48D1-9E46-7B7FF1B2E8D2}"
EndProject
Global
	GlobalSection(SolutionConfigurationPlatforms) = preSolution
		Debug|Win32 = Debug|Win32
		Release|Win32 = Release|Win32
	EndGlobalSection
	GlobalSection(ProjectConfigurationPlatforms) = postSolution
		{F8BCB339-7DF3-4FD1-B0C4-36F9C9670321}.Debug|Win32.ActiveCfg = Debug|Win32
		{F8BCB339-7DF3-4FD1-B0C4-36F9C9670321}.Debug|Win32.Build.0 = Debug|Win32
		{F8BCB339-7DF3-4FD1-B0C4-36F9C9670321}.Release|Win32.ActiveCfg = Release|Win32
		{F8BCB339-7DF3-4FD1-B0C4-36F9C9670321}.Release|Win32.Build.0 = Release|Win32
		{E8359EE6-F6D7-4D90-B87E-325798608776}.Debug|Win32.ActiveCfg = Debug|Win32
		{E8359EE6-F6D7-4D90-B87E-325798608776}.Debug|Win32.Build.0 = Debug|Win32
		{E8359EE6-F6D7-4D90-B87E-325798608776}.Release|Win32.ActiveCfg = Release|Win32
		{E8359EE6-F6D7-4D90-B87E-325798608776}.Release|Win32.Build.0 = Release|Win32
		{F9562026-EC62-40F1-A45B-95D5C24C173E}.Debug|Win32.ActiveCfg = Debug|Win32
		{F9562026-EC62-40F1-A45B-95D5C24C173E}.Debug|Win32.Build.0 = Debug|Win32
		{F9562026-EC62-40F1-A45B-95D5C24C173E}.Release|Win32.ActiveCfg = Release|Win32
		{F9562026-EC62-40F1-A45B-95D5C24C173E}.Release|Win32.Build.0 = Release|Win32
		{CBAAC696-43B4-446A-A8A3-07ED5EFC72FB}.Debug|Win32.ActiveCfg = Debug|Win32
		{CBAAC696-43B4-446A-A8A3-07ED5EFC72FB}.Debug|Win32.Build.0 = Debug|Win32
		{CBAAC696-43B4-446A-A8A3-07ED5EFC72FB}.Release|Win32.ActiveCfg = Release|Win32
		{CBAAC696-43B4-446A-A8A3-07ED5EFC72FB}.Release|Win32.Build.0 = Release|Win32
		{595FA053-FC05-48D1-9E46-7B7FF1B2E8D2}.Debug|Win32.ActiveCfg = Debug|Win32
		{595FA053-FC05-48D1-9E46-7B7FF1B2E8D2}.Debug|Win32.Build.0 = Debug|Win32
		{595FA053-FC05-48D1-9E46-7B7FF1B2E8D2}.Release|Win32.ActiveCfg = Release|Win32
		{595FA053-FC05-48D1-9E46-7B7FF1B2E8D2}.Release|Win32.Build.0 = Release|Win32
	EndGlobalSection
	GlobalSection(SolutionProperties) = preSolution
		HideSolutionNode = FALSE
	EndGlobalSection
EndGlobal
